// !$*UTF8*$!
{
	archiveVersion = 1;
	classes = {
	};
	objectVersion = 56;
	objects = {

/* Begin PBXBuildFile section */
		9A9317562B20386100A2AB30 /* ScrumdingerApp.swift in Sources */ = {isa = PBXBuildFile; fileRef = 9A9317552B20386100A2AB30 /* ScrumdingerApp.swift */; };
		9A9317582B20386100A2AB30 /* MeetingView.swift in Sources */ = {isa = PBXBuildFile; fileRef = 9A9317572B20386100A2AB30 /* MeetingView.swift */; };
		9A93175C2B20386300A2AB30 /* Assets.xcassets in Resources */ = {isa = PBXBuildFile; fileRef = 9A93175B2B20386300A2AB30 /* Assets.xcassets */; };
		9A93175F2B20386300A2AB30 /* Preview Assets.xcassets in Resources */ = {isa = PBXBuildFile; fileRef = 9A93175E2B20386300A2AB30 /* Preview Assets.xcassets */; };
		9A9317672B26EF6B00A2AB30 /* Theme.swift in Sources */ = {isa = PBXBuildFile; fileRef = 9A9317662B26EF6B00A2AB30 /* Theme.swift */; };
		9A9317692B26EFDD00A2AB30 /* DailyScrum.swift in Sources */ = {isa = PBXBuildFile; fileRef = 9A9317682B26EFDD00A2AB30 /* DailyScrum.swift */; };
		9A93176B2B26F02B00A2AB30 /* CardView.swift in Sources */ = {isa = PBXBuildFile; fileRef = 9A93176A2B26F02B00A2AB30 /* CardView.swift */; };
		9A93176D2B26F26200A2AB30 /* TrailingIconLabelStyle.swift in Sources */ = {isa = PBXBuildFile; fileRef = 9A93176C2B26F26200A2AB30 /* TrailingIconLabelStyle.swift */; };
		9A93176F2B26F46F00A2AB30 /* ScrumsView.swift in Sources */ = {isa = PBXBuildFile; fileRef = 9A93176E2B26F46F00A2AB30 /* ScrumsView.swift */; };
		9A9317722B26FD5500A2AB30 /* DetailView.swift in Sources */ = {isa = PBXBuildFile; fileRef = 9A9317712B26FD5500A2AB30 /* DetailView.swift */; };
		9A9317742B27066900A2AB30 /* DetailEditView.swift in Sources */ = {isa = PBXBuildFile; fileRef = 9A9317732B27066900A2AB30 /* DetailEditView.swift */; };
		9A9317762B27247B00A2AB30 /* ThemeView.swift in Sources */ = {isa = PBXBuildFile; fileRef = 9A9317752B27247B00A2AB30 /* ThemeView.swift */; };
		9A9317782B27256B00A2AB30 /* ThemePicker.swift in Sources */ = {isa = PBXBuildFile; fileRef = 9A9317772B27256B00A2AB30 /* ThemePicker.swift */; };
		9A93177A2B2803B800A2AB30 /* MeetingHeaderView.swift in Sources */ = {isa = PBXBuildFile; fileRef = 9A9317792B2803B800A2AB30 /* MeetingHeaderView.swift */; };
		9A93177C2B2806F300A2AB30 /* ScrumProgressViewStyle.swift in Sources */ = {isa = PBXBuildFile; fileRef = 9A93177B2B2806F300A2AB30 /* ScrumProgressViewStyle.swift */; };
		9A93177E2B28099700A2AB30 /* ScrumTimer.swift in Sources */ = {isa = PBXBuildFile; fileRef = 9A93177D2B28099700A2AB30 /* ScrumTimer.swift */; };
		9A9317802B280B8300A2AB30 /* MeetingFooterView.swift in Sources */ = {isa = PBXBuildFile; fileRef = 9A93177F2B280B8300A2AB30 /* MeetingFooterView.swift */; };
		9A9317852B28339700A2AB30 /* ding.wav in Resources */ = {isa = PBXBuildFile; fileRef = 9A9317842B28339700A2AB30 /* ding.wav */; };
		9A9317872B2833A300A2AB30 /* AVPlayer+Ding.swift in Sources */ = {isa = PBXBuildFile; fileRef = 9A9317862B2833A300A2AB30 /* AVPlayer+Ding.swift */; };
		9A9317892B28433200A2AB30 /* NewScrumSheet.swift in Sources */ = {isa = PBXBuildFile; fileRef = 9A9317882B28433200A2AB30 /* NewScrumSheet.swift */; };
		9A93178B2B2845AE00A2AB30 /* History.swift in Sources */ = {isa = PBXBuildFile; fileRef = 9A93178A2B2845AE00A2AB30 /* History.swift */; };
		9A93178D2B284A2800A2AB30 /* ScrumStore.swift in Sources */ = {isa = PBXBuildFile; fileRef = 9A93178C2B284A2800A2AB30 /* ScrumStore.swift */; };
		9A9317912B28680900A2AB30 /* ErrorWrapper.swift in Sources */ = {isa = PBXBuildFile; fileRef = 9A9317902B28680900A2AB30 /* ErrorWrapper.swift */; };
		9A9317932B28683D00A2AB30 /* ErrorView.swift in Sources */ = {isa = PBXBuildFile; fileRef = 9A9317922B28683D00A2AB30 /* ErrorView.swift */; };
/* End PBXBuildFile section */

/* Begin PBXFileReference section */
		9A9317522B20386100A2AB30 /* Scrumdinger.app */ = {isa = PBXFileReference; explicitFileType = wrapper.application; includeInIndex = 0; path = Scrumdinger.app; sourceTree = BUILT_PRODUCTS_DIR; };
		9A9317552B20386100A2AB30 /* ScrumdingerApp.swift */ = {isa = PBXFileReference; lastKnownFileType = sourcecode.swift; path = ScrumdingerApp.swift; sourceTree = "<group>"; };
		9A9317572B20386100A2AB30 /* MeetingView.swift */ = {isa = PBXFileReference; lastKnownFileType = sourcecode.swift; path = MeetingView.swift; sourceTree = "<group>"; };
		9A93175B2B20386300A2AB30 /* Assets.xcassets */ = {isa = PBXFileReference; lastKnownFileType = folder.assetcatalog; path = Assets.xcassets; sourceTree = "<group>"; };
		9A93175E2B20386300A2AB30 /* Preview Assets.xcassets */ = {isa = PBXFileReference; lastKnownFileType = folder.assetcatalog; path = "Preview Assets.xcassets"; sourceTree = "<group>"; };
		9A9317662B26EF6B00A2AB30 /* Theme.swift */ = {isa = PBXFileReference; lastKnownFileType = sourcecode.swift; path = Theme.swift; sourceTree = "<group>"; };
		9A9317682B26EFDD00A2AB30 /* DailyScrum.swift */ = {isa = PBXFileReference; lastKnownFileType = sourcecode.swift; path = DailyScrum.swift; sourceTree = "<group>"; };
		9A93176A2B26F02B00A2AB30 /* CardView.swift */ = {isa = PBXFileReference; lastKnownFileType = sourcecode.swift; path = CardView.swift; sourceTree = "<group>"; };
		9A93176C2B26F26200A2AB30 /* TrailingIconLabelStyle.swift */ = {isa = PBXFileReference; lastKnownFileType = sourcecode.swift; path = TrailingIconLabelStyle.swift; sourceTree = "<group>"; };
		9A93176E2B26F46F00A2AB30 /* ScrumsView.swift */ = {isa = PBXFileReference; lastKnownFileType = sourcecode.swift; path = ScrumsView.swift; sourceTree = "<group>"; };
		9A9317712B26FD5500A2AB30 /* DetailView.swift */ = {isa = PBXFileReference; lastKnownFileType = sourcecode.swift; path = DetailView.swift; sourceTree = "<group>"; };
		9A9317732B27066900A2AB30 /* DetailEditView.swift */ = {isa = PBXFileReference; lastKnownFileType = sourcecode.swift; path = DetailEditView.swift; sourceTree = "<group>"; };
		9A9317752B27247B00A2AB30 /* ThemeView.swift */ = {isa = PBXFileReference; lastKnownFileType = sourcecode.swift; path = ThemeView.swift; sourceTree = "<group>"; };
		9A9317772B27256B00A2AB30 /* ThemePicker.swift */ = {isa = PBXFileReference; lastKnownFileType = sourcecode.swift; path = ThemePicker.swift; sourceTree = "<group>"; };
		9A9317792B2803B800A2AB30 /* MeetingHeaderView.swift */ = {isa = PBXFileReference; lastKnownFileType = sourcecode.swift; path = MeetingHeaderView.swift; sourceTree = "<group>"; };
		9A93177B2B2806F300A2AB30 /* ScrumProgressViewStyle.swift */ = {isa = PBXFileReference; fileEncoding = 4; lastKnownFileType = sourcecode.swift; path = ScrumProgressViewStyle.swift; sourceTree = "<group>"; };
		9A93177D2B28099700A2AB30 /* ScrumTimer.swift */ = {isa = PBXFileReference; lastKnownFileType = sourcecode.swift; path = ScrumTimer.swift; sourceTree = "<group>"; };
		9A93177F2B280B8300A2AB30 /* MeetingFooterView.swift */ = {isa = PBXFileReference; lastKnownFileType = sourcecode.swift; path = MeetingFooterView.swift; sourceTree = "<group>"; };
		9A9317842B28339700A2AB30 /* ding.wav */ = {isa = PBXFileReference; lastKnownFileType = audio.wav; path = ding.wav; sourceTree = "<group>"; };
		9A9317862B2833A300A2AB30 /* AVPlayer+Ding.swift */ = {isa = PBXFileReference; fileEncoding = 4; lastKnownFileType = sourcecode.swift; path = "AVPlayer+Ding.swift"; sourceTree = "<group>"; };
		9A9317882B28433200A2AB30 /* NewScrumSheet.swift */ = {isa = PBXFileReference; lastKnownFileType = sourcecode.swift; path = NewScrumSheet.swift; sourceTree = "<group>"; };
		9A93178A2B2845AE00A2AB30 /* History.swift */ = {isa = PBXFileReference; lastKnownFileType = sourcecode.swift; path = History.swift; sourceTree = "<group>"; };
		9A93178C2B284A2800A2AB30 /* ScrumStore.swift */ = {isa = PBXFileReference; lastKnownFileType = sourcecode.swift; path = ScrumStore.swift; sourceTree = "<group>"; };
		9A9317902B28680900A2AB30 /* ErrorWrapper.swift */ = {isa = PBXFileReference; lastKnownFileType = sourcecode.swift; path = ErrorWrapper.swift; sourceTree = "<group>"; };
		9A9317922B28683D00A2AB30 /* ErrorView.swift */ = {isa = PBXFileReference; lastKnownFileType = sourcecode.swift; path = ErrorView.swift; sourceTree = "<group>"; };
/* End PBXFileReference section */

/* Begin PBXFrameworksBuildPhase section */
		9A93174F2B20386100A2AB30 /* Frameworks */ = {
			isa = PBXFrameworksBuildPhase;
			buildActionMask = 2147483647;
			files = (
			);
			runOnlyForDeploymentPostprocessing = 0;
		};
/* End PBXFrameworksBuildPhase section */

/* Begin PBXGroup section */
		9A9317492B20386100A2AB30 = {
			isa = PBXGroup;
			children = (
				9A9317542B20386100A2AB30 /* Scrumdinger */,
				9A9317532B20386100A2AB30 /* Products */,
			);
			sourceTree = "<group>";
		};
		9A9317532B20386100A2AB30 /* Products */ = {
			isa = PBXGroup;
			children = (
				9A9317522B20386100A2AB30 /* Scrumdinger.app */,
			);
			name = Products;
			sourceTree = "<group>";
		};
		9A9317542B20386100A2AB30 /* Scrumdinger */ = {
			isa = PBXGroup;
			children = (
				9A9317832B28339700A2AB30 /* Resources */,
				9A9317702B26F7B300A2AB30 /* Views */,
				9A9317652B26EF5000A2AB30 /* Models */,
				9A9317552B20386100A2AB30 /* ScrumdingerApp.swift */,
				9A93175B2B20386300A2AB30 /* Assets.xcassets */,
				9A93175D2B20386300A2AB30 /* Preview Content */,
			);
			path = Scrumdinger;
			sourceTree = "<group>";
		};
		9A93175D2B20386300A2AB30 /* Preview Content */ = {
			isa = PBXGroup;
			children = (
				9A93175E2B20386300A2AB30 /* Preview Assets.xcassets */,
			);
			path = "Preview Content";
			sourceTree = "<group>";
		};
		9A9317652B26EF5000A2AB30 /* Models */ = {
			isa = PBXGroup;
			children = (
				9A9317862B2833A300A2AB30 /* AVPlayer+Ding.swift */,
				9A9317662B26EF6B00A2AB30 /* Theme.swift */,
				9A9317682B26EFDD00A2AB30 /* DailyScrum.swift */,
				9A93177D2B28099700A2AB30 /* ScrumTimer.swift */,
				9A93178A2B2845AE00A2AB30 /* History.swift */,
				9A93178C2B284A2800A2AB30 /* ScrumStore.swift */,
				9A9317902B28680900A2AB30 /* ErrorWrapper.swift */,
			);
			path = Models;
			sourceTree = "<group>";
		};
		9A9317702B26F7B300A2AB30 /* Views */ = {
			isa = PBXGroup;
			children = (
				9A93176A2B26F02B00A2AB30 /* CardView.swift */,
				9A93176E2B26F46F00A2AB30 /* ScrumsView.swift */,
				9A93176C2B26F26200A2AB30 /* TrailingIconLabelStyle.swift */,
				9A9317572B20386100A2AB30 /* MeetingView.swift */,
				9A9317712B26FD5500A2AB30 /* DetailView.swift */,
				9A9317732B27066900A2AB30 /* DetailEditView.swift */,
				9A93177B2B2806F300A2AB30 /* ScrumProgressViewStyle.swift */,
				9A9317752B27247B00A2AB30 /* ThemeView.swift */,
				9A9317772B27256B00A2AB30 /* ThemePicker.swift */,
				9A9317792B2803B800A2AB30 /* MeetingHeaderView.swift */,
				9A93177F2B280B8300A2AB30 /* MeetingFooterView.swift */,
				9A9317882B28433200A2AB30 /* NewScrumSheet.swift */,
				9A9317922B28683D00A2AB30 /* ErrorView.swift */,
			);
			path = Views;
			sourceTree = "<group>";
		};
		9A9317832B28339700A2AB30 /* Resources */ = {
			isa = PBXGroup;
			children = (
				9A9317842B28339700A2AB30 /* ding.wav */,
			);
			path = Resources;
			sourceTree = "<group>";
		};
/* End PBXGroup section */

/* Begin PBXNativeTarget section */
		9A9317512B20386100A2AB30 /* Scrumdinger */ = {
			isa = PBXNativeTarget;
			buildConfigurationList = 9A9317622B20386300A2AB30 /* Build configuration list for PBXNativeTarget "Scrumdinger" */;
			buildPhases = (
				9A93174E2B20386100A2AB30 /* Sources */,
				9A93174F2B20386100A2AB30 /* Frameworks */,
				9A9317502B20386100A2AB30 /* Resources */,
			);
			buildRules = (
			);
			dependencies = (
			);
			name = Scrumdinger;
			productName = Scrumdinger;
			productReference = 9A9317522B20386100A2AB30 /* Scrumdinger.app */;
			productType = "com.apple.product-type.application";
		};
/* End PBXNativeTarget section */

/* Begin PBXProject section */
		9A93174A2B20386100A2AB30 /* Project object */ = {
			isa = PBXProject;
			attributes = {
				BuildIndependentTargetsInParallel = 1;
				LastSwiftUpdateCheck = 1500;
				LastUpgradeCheck = 1500;
				TargetAttributes = {
					9A9317512B20386100A2AB30 = {
						CreatedOnToolsVersion = 15.0.1;
					};
				};
			};
			buildConfigurationList = 9A93174D2B20386100A2AB30 /* Build configuration list for PBXProject "Scrumdinger" */;
			compatibilityVersion = "Xcode 14.0";
			developmentRegion = en;
			hasScannedForEncodings = 0;
			knownRegions = (
				en,
				Base,
			);
			mainGroup = 9A9317492B20386100A2AB30;
			productRefGroup = 9A9317532B20386100A2AB30 /* Products */;
			projectDirPath = "";
			projectRoot = "";
			targets = (
				9A9317512B20386100A2AB30 /* Scrumdinger */,
			);
		};
/* End PBXProject section */

/* Begin PBXResourcesBuildPhase section */
		9A9317502B20386100A2AB30 /* Resources */ = {
			isa = PBXResourcesBuildPhase;
			buildActionMask = 2147483647;
			files = (
				9A9317852B28339700A2AB30 /* ding.wav in Resources */,
				9A93175F2B20386300A2AB30 /* Preview Assets.xcassets in Resources */,
				9A93175C2B20386300A2AB30 /* Assets.xcassets in Resources */,
			);
			runOnlyForDeploymentPostprocessing = 0;
		};
/* End PBXResourcesBuildPhase section */

/* Begin PBXSourcesBuildPhase section */
		9A93174E2B20386100A2AB30 /* Sources */ = {
			isa = PBXSourcesBuildPhase;
			buildActionMask = 2147483647;
			files = (
				9A93178B2B2845AE00A2AB30 /* History.swift in Sources */,
				9A9317692B26EFDD00A2AB30 /* DailyScrum.swift in Sources */,
				9A93177C2B2806F300A2AB30 /* ScrumProgressViewStyle.swift in Sources */,
				9A9317802B280B8300A2AB30 /* MeetingFooterView.swift in Sources */,
				9A9317932B28683D00A2AB30 /* ErrorView.swift in Sources */,
				9A93177E2B28099700A2AB30 /* ScrumTimer.swift in Sources */,
				9A9317762B27247B00A2AB30 /* ThemeView.swift in Sources */,
				9A93178D2B284A2800A2AB30 /* ScrumStore.swift in Sources */,
				9A9317722B26FD5500A2AB30 /* DetailView.swift in Sources */,
				9A9317912B28680900A2AB30 /* ErrorWrapper.swift in Sources */,
				9A93177A2B2803B800A2AB30 /* MeetingHeaderView.swift in Sources */,
				9A9317582B20386100A2AB30 /* MeetingView.swift in Sources */,
				9A9317892B28433200A2AB30 /* NewScrumSheet.swift in Sources */,
				9A9317672B26EF6B00A2AB30 /* Theme.swift in Sources */,
				9A93176F2B26F46F00A2AB30 /* ScrumsView.swift in Sources */,
				9A93176B2B26F02B00A2AB30 /* CardView.swift in Sources */,
				9A9317742B27066900A2AB30 /* DetailEditView.swift in Sources */,
				9A9317782B27256B00A2AB30 /* ThemePicker.swift in Sources */,
				9A9317562B20386100A2AB30 /* ScrumdingerApp.swift in Sources */,
				9A93176D2B26F26200A2AB30 /* TrailingIconLabelStyle.swift in Sources */,
				9A9317872B2833A300A2AB30 /* AVPlayer+Ding.swift in Sources */,
			);
			runOnlyForDeploymentPostprocessing = 0;
		};
/* End PBXSourcesBuildPhase section */

/* Begin XCBuildConfiguration section */
		9A9317602B20386300A2AB30 /* Debug */ = {
			isa = XCBuildConfiguration;
			buildSettings = {
				ALWAYS_SEARCH_USER_PATHS = NO;
				ASSETCATALOG_COMPILER_GENERATE_SWIFT_ASSET_SYMBOL_EXTENSIONS = YES;
				CLANG_ANALYZER_NONNULL = YES;
				CLANG_ANALYZER_NUMBER_OBJECT_CONVERSION = YES_AGGRESSIVE;
				CLANG_CXX_LANGUAGE_STANDARD = "gnu++20";
				CLANG_ENABLE_MODULES = YES;
				CLANG_ENABLE_OBJC_ARC = YES;
				CLANG_ENABLE_OBJC_WEAK = YES;
				CLANG_WARN_BLOCK_CAPTURE_AUTORELEASING = YES;
				CLANG_WARN_BOOL_CONVERSION = YES;
				CLANG_WARN_COMMA = YES;
				CLANG_WARN_CONSTANT_CONVERSION = YES;
				CLANG_WARN_DEPRECATED_OBJC_IMPLEMENTATIONS = YES;
				CLANG_WARN_DIRECT_OBJC_ISA_USAGE = YES_ERROR;
				CLANG_WARN_DOCUMENTATION_COMMENTS = YES;
				CLANG_WARN_EMPTY_BODY = YES;
				CLANG_WARN_ENUM_CONVERSION = YES;
				CLANG_WARN_INFINITE_RECURSION = YES;
				CLANG_WARN_INT_CONVERSION = YES;
				CLANG_WARN_NON_LITERAL_NULL_CONVERSION = YES;
				CLANG_WARN_OBJC_IMPLICIT_RETAIN_SELF = YES;
				CLANG_WARN_OBJC_LITERAL_CONVERSION = YES;
				CLANG_WARN_OBJC_ROOT_CLASS = YES_ERROR;
				CLANG_WARN_QUOTED_INCLUDE_IN_FRAMEWORK_HEADER = YES;
				CLANG_WARN_RANGE_LOOP_ANALYSIS = YES;
				CLANG_WARN_STRICT_PROTOTYPES = YES;
				CLANG_WARN_SUSPICIOUS_MOVE = YES;
				CLANG_WARN_UNGUARDED_AVAILABILITY = YES_AGGRESSIVE;
				CLANG_WARN_UNREACHABLE_CODE = YES;
				CLANG_WARN__DUPLICATE_METHOD_MATCH = YES;
				COPY_PHASE_STRIP = NO;
				DEBUG_INFORMATION_FORMAT = dwarf;
				ENABLE_STRICT_OBJC_MSGSEND = YES;
				ENABLE_TESTABILITY = YES;
				ENABLE_USER_SCRIPT_SANDBOXING = YES;
				GCC_C_LANGUAGE_STANDARD = gnu17;
				GCC_DYNAMIC_NO_PIC = NO;
				GCC_NO_COMMON_BLOCKS = YES;
				GCC_OPTIMIZATION_LEVEL = 0;
				GCC_PREPROCESSOR_DEFINITIONS = (
					"DEBUG=1",
					"$(inherited)",
				);
				GCC_WARN_64_TO_32_BIT_CONVERSION = YES;
				GCC_WARN_ABOUT_RETURN_TYPE = YES_ERROR;
				GCC_WARN_UNDECLARED_SELECTOR = YES;
				GCC_WARN_UNINITIALIZED_AUTOS = YES_AGGRESSIVE;
				GCC_WARN_UNUSED_FUNCTION = YES;
				GCC_WARN_UNUSED_VARIABLE = YES;
				IPHONEOS_DEPLOYMENT_TARGET = 17.0;
				LOCALIZATION_PREFERS_STRING_CATALOGS = YES;
				MTL_ENABLE_DEBUG_INFO = INCLUDE_SOURCE;
				MTL_FAST_MATH = YES;
				ONLY_ACTIVE_ARCH = YES;
				SDKROOT = iphoneos;
				SWIFT_ACTIVE_COMPILATION_CONDITIONS = "DEBUG $(inherited)";
				SWIFT_OPTIMIZATION_LEVEL = "-Onone";
			};
			name = Debug;
		};
		9A9317612B20386300A2AB30 /* Release */ = {
			isa = XCBuildConfiguration;
			buildSettings = {
				ALWAYS_SEARCH_USER_PATHS = NO;
				ASSETCATALOG_COMPILER_GENERATE_SWIFT_ASSET_SYMBOL_EXTENSIONS = YES;
				CLANG_ANALYZER_NONNULL = YES;
				CLANG_ANALYZER_NUMBER_OBJECT_CONVERSION = YES_AGGRESSIVE;
				CLANG_CXX_LANGUAGE_STANDARD = "gnu++20";
				CLANG_ENABLE_MODULES = YES;
				CLANG_ENABLE_OBJC_ARC = YES;
				CLANG_ENABLE_OBJC_WEAK = YES;
				CLANG_WARN_BLOCK_CAPTURE_AUTORELEASING = YES;
				CLANG_WARN_BOOL_CONVERSION = YES;
				CLANG_WARN_COMMA = YES;
				CLANG_WARN_CONSTANT_CONVERSION = YES;
				CLANG_WARN_DEPRECATED_OBJC_IMPLEMENTATIONS = YES;
				CLANG_WARN_DIRECT_OBJC_ISA_USAGE = YES_ERROR;
				CLANG_WARN_DOCUMENTATION_COMMENTS = YES;
				CLANG_WARN_EMPTY_BODY = YES;
				CLANG_WARN_ENUM_CONVERSION = YES;
				CLANG_WARN_INFINITE_RECURSION = YES;
				CLANG_WARN_INT_CONVERSION = YES;
				CLANG_WARN_NON_LITERAL_NULL_CONVERSION = YES;
				CLANG_WARN_OBJC_IMPLICIT_RETAIN_SELF = YES;
				CLANG_WARN_OBJC_LITERAL_CONVERSION = YES;
				CLANG_WARN_OBJC_ROOT_CLASS = YES_ERROR;
				CLANG_WARN_QUOTED_INCLUDE_IN_FRAMEWORK_HEADER = YES;
				CLANG_WARN_RANGE_LOOP_ANALYSIS = YES;
				CLANG_WARN_STRICT_PROTOTYPES = YES;
				CLANG_WARN_SUSPICIOUS_MOVE = YES;
				CLANG_WARN_UNGUARDED_AVAILABILITY = YES_AGGRESSIVE;
				CLANG_WARN_UNREACHABLE_CODE = YES;
				CLANG_WARN__DUPLICATE_METHOD_MATCH = YES;
				COPY_PHASE_STRIP = NO;
				DEBUG_INFORMATION_FORMAT = "dwarf-with-dsym";
				ENABLE_NS_ASSERTIONS = NO;
				ENABLE_STRICT_OBJC_MSGSEND = YES;
				ENABLE_USER_SCRIPT_SANDBOXING = YES;
				GCC_C_LANGUAGE_STANDARD = gnu17;
				GCC_NO_COMMON_BLOCKS = YES;
				GCC_WARN_64_TO_32_BIT_CONVERSION = YES;
				GCC_WARN_ABOUT_RETURN_TYPE = YES_ERROR;
				GCC_WARN_UNDECLARED_SELECTOR = YES;
				GCC_WARN_UNINITIALIZED_AUTOS = YES_AGGRESSIVE;
				GCC_WARN_UNUSED_FUNCTION = YES;
				GCC_WARN_UNUSED_VARIABLE = YES;
				IPHONEOS_DEPLOYMENT_TARGET = 17.0;
				LOCALIZATION_PREFERS_STRING_CATALOGS = YES;
				MTL_ENABLE_DEBUG_INFO = NO;
				MTL_FAST_MATH = YES;
				SDKROOT = iphoneos;
				SWIFT_COMPILATION_MODE = wholemodule;
				VALIDATE_PRODUCT = YES;
			};
			name = Release;
		};
		9A9317632B20386300A2AB30 /* Debug */ = {
			isa = XCBuildConfiguration;
			buildSettings = {
				ASSETCATALOG_COMPILER_APPICON_NAME = AppIcon;
				ASSETCATALOG_COMPILER_GLOBAL_ACCENT_COLOR_NAME = AccentColor;
				CODE_SIGN_STYLE = Automatic;
				CURRENT_PROJECT_VERSION = 1;
				DEVELOPMENT_ASSET_PATHS = "\"Scrumdinger/Preview Content\"";
				DEVELOPMENT_TEAM = M9N98B9A3K;
				ENABLE_PREVIEWS = YES;
				GENERATE_INFOPLIST_FILE = YES;
				INFOPLIST_KEY_UIApplicationSceneManifest_Generation = YES;
				INFOPLIST_KEY_UIApplicationSupportsIndirectInputEvents = YES;
				INFOPLIST_KEY_UILaunchScreen_Generation = YES;
				INFOPLIST_KEY_UISupportedInterfaceOrientations_iPad = "UIInterfaceOrientationPortrait UIInterfaceOrientationPortraitUpsideDown UIInterfaceOrientationLandscapeLeft UIInterfaceOrientationLandscapeRight";
				INFOPLIST_KEY_UISupportedInterfaceOrientations_iPhone = "UIInterfaceOrientationPortrait UIInterfaceOrientationLandscapeLeft UIInterfaceOrientationLandscapeRight";
				IPHONEOS_DEPLOYMENT_TARGET = 16.0;
				LD_RUNPATH_SEARCH_PATHS = (
					"$(inherited)",
					"@executable_path/Frameworks",
				);
				MARKETING_VERSION = 1.0;
				PRODUCT_BUNDLE_IDENTIFIER = com.palgle.ios.Scrumdinger;
				PRODUCT_NAME = "$(TARGET_NAME)";
				SWIFT_EMIT_LOC_STRINGS = YES;
				SWIFT_VERSION = 5.0;
				TARGETED_DEVICE_FAMILY = "1,2";
			};
			name = Debug;
		};
		9A9317642B20386300A2AB30 /* Release */ = {
			isa = XCBuildConfiguration;
			buildSettings = {
				ASSETCATALOG_COMPILER_APPICON_NAME = AppIcon;
				ASSETCATALOG_COMPILER_GLOBAL_ACCENT_COLOR_NAME = AccentColor;
				CODE_SIGN_STYLE = Automatic;
				CURRENT_PROJECT_VERSION = 1;
				DEVELOPMENT_ASSET_PATHS = "\"Scrumdinger/Preview Content\"";
				DEVELOPMENT_TEAM = M9N98B9A3K;
				ENABLE_PREVIEWS = YES;
				GENERATE_INFOPLIST_FILE = YES;
				INFOPLIST_KEY_UIApplicationSceneManifest_Generation = YES;
				INFOPLIST_KEY_UIApplicationSupportsIndirectInputEvents = YES;
				INFOPLIST_KEY_UILaunchScreen_Generation = YES;
				INFOPLIST_KEY_UISupportedInterfaceOrientations_iPad = "UIInterfaceOrientationPortrait UIInterfaceOrientationPortraitUpsideDown UIInterfaceOrientationLandscapeLeft UIInterfaceOrientationLandscapeRight";
				INFOPLIST_KEY_UISupportedInterfaceOrientations_iPhone = "UIInterfaceOrientationPortrait UIInterfaceOrientationLandscapeLeft UIInterfaceOrientationLandscapeRight";
				IPHONEOS_DEPLOYMENT_TARGET = 16.0;
				LD_RUNPATH_SEARCH_PATHS = (
					"$(inherited)",
					"@executable_path/Frameworks",
				);
				MARKETING_VERSION = 1.0;
				PRODUCT_BUNDLE_IDENTIFIER = com.palgle.ios.Scrumdinger;
				PRODUCT_NAME = "$(TARGET_NAME)";
				SWIFT_EMIT_LOC_STRINGS = YES;
				SWIFT_VERSION = 5.0;
				TARGETED_DEVICE_FAMILY = "1,2";
			};
			name = Release;
		};
/* End XCBuildConfiguration section */

/* Begin XCConfigurationList section */
		9A93174D2B20386100A2AB30 /* Build configuration list for PBXProject "Scrumdinger" */ = {
			isa = XCConfigurationList;
			buildConfigurations = (
				9A9317602B20386300A2AB30 /* Debug */,
				9A9317612B20386300A2AB30 /* Release */,
			);
			defaultConfigurationIsVisible = 0;
			defaultConfigurationName = Release;
		};
		9A9317622B20386300A2AB30 /* Build configuration list for PBXNativeTarget "Scrumdinger" */ = {
			isa = XCConfigurationList;
			buildConfigurations = (
				9A9317632B20386300A2AB30 /* Debug */,
				9A9317642B20386300A2AB30 /* Release */,
			);
			defaultConfigurationIsVisible = 0;
			defaultConfigurationName = Release;
		};
/* End XCConfigurationList section */
	};
	rootObject = 9A93174A2B20386100A2AB30 /* Project object */;
}
